// !$*UTF8*$!
{
	archiveVersion = 1;
	classes = {
	};
	objectVersion = 46;
	objects = {

/* Begin PBXBuildFile section */
		460C8E1C1DFE5B680016DC84 /* main.cpp in Sources */ = {isa = PBXBuildFile; fileRef = 460C8E161DFE5B680016DC84 /* main.cpp */; };
		460C8E1D1DFE5B680016DC84 /* perspectiveTransform.cpp in Sources */ = {isa = PBXBuildFile; fileRef = 460C8E171DFE5B680016DC84 /* perspectiveTransform.cpp */; };
		460C8E1E1DFE5B680016DC84 /* drawing.cpp in Sources */ = {isa = PBXBuildFile; fileRef = 460C8E191DFE5B680016DC84 /* drawing.cpp */; };
		460C8E1F1DFE5B680016DC84 /* tests.cpp in Sources */ = {isa = PBXBuildFile; fileRef = 460C8E1B1DFE5B680016DC84 /* tests.cpp */; };
		4620D3B61E0CBDE600CEABE6 /* libopencv_calib3d.2.4.13.dylib in Frameworks */ = {isa = PBXBuildFile; fileRef = 4620D3A51E0CBDE600CEABE6 /* libopencv_calib3d.2.4.13.dylib */; };
		4620D3B71E0CBDE600CEABE6 /* libopencv_contrib.2.4.13.dylib in Frameworks */ = {isa = PBXBuildFile; fileRef = 4620D3A61E0CBDE600CEABE6 /* libopencv_contrib.2.4.13.dylib */; };
		4620D3B81E0CBDE600CEABE6 /* libopencv_core.2.4.13.dylib in Frameworks */ = {isa = PBXBuildFile; fileRef = 4620D3A71E0CBDE600CEABE6 /* libopencv_core.2.4.13.dylib */; };
		4620D3B91E0CBDE600CEABE6 /* libopencv_features2d.2.4.13.dylib in Frameworks */ = {isa = PBXBuildFile; fileRef = 4620D3A81E0CBDE600CEABE6 /* libopencv_features2d.2.4.13.dylib */; };
		4620D3BA1E0CBDE600CEABE6 /* libopencv_flann.2.4.13.dylib in Frameworks */ = {isa = PBXBuildFile; fileRef = 4620D3A91E0CBDE600CEABE6 /* libopencv_flann.2.4.13.dylib */; };
		4620D3BB1E0CBDE600CEABE6 /* libopencv_gpu.2.4.13.dylib in Frameworks */ = {isa = PBXBuildFile; fileRef = 4620D3AA1E0CBDE600CEABE6 /* libopencv_gpu.2.4.13.dylib */; };
		4620D3BC1E0CBDE600CEABE6 /* libopencv_highgui.2.4.13.dylib in Frameworks */ = {isa = PBXBuildFile; fileRef = 4620D3AB1E0CBDE600CEABE6 /* libopencv_highgui.2.4.13.dylib */; };
		4620D3BD1E0CBDE600CEABE6 /* libopencv_imgproc.2.4.13.dylib in Frameworks */ = {isa = PBXBuildFile; fileRef = 4620D3AC1E0CBDE600CEABE6 /* libopencv_imgproc.2.4.13.dylib */; };
		4620D3BE1E0CBDE600CEABE6 /* libopencv_legacy.2.4.13.dylib in Frameworks */ = {isa = PBXBuildFile; fileRef = 4620D3AD1E0CBDE600CEABE6 /* libopencv_legacy.2.4.13.dylib */; };
		4620D3BF1E0CBDE600CEABE6 /* libopencv_ml.2.4.13.dylib in Frameworks */ = {isa = PBXBuildFile; fileRef = 4620D3AE1E0CBDE600CEABE6 /* libopencv_ml.2.4.13.dylib */; };
		4620D3C01E0CBDE600CEABE6 /* libopencv_nonfree.2.4.13.dylib in Frameworks */ = {isa = PBXBuildFile; fileRef = 4620D3AF1E0CBDE600CEABE6 /* libopencv_nonfree.2.4.13.dylib */; };
		4620D3C11E0CBDE600CEABE6 /* libopencv_objdetect.2.4.13.dylib in Frameworks */ = {isa = PBXBuildFile; fileRef = 4620D3B01E0CBDE600CEABE6 /* libopencv_objdetect.2.4.13.dylib */; };
		4620D3C21E0CBDE600CEABE6 /* libopencv_ocl.2.4.13.dylib in Frameworks */ = {isa = PBXBuildFile; fileRef = 4620D3B11E0CBDE600CEABE6 /* libopencv_ocl.2.4.13.dylib */; };
		4620D3C31E0CBDE600CEABE6 /* libopencv_photo.2.4.13.dylib in Frameworks */ = {isa = PBXBuildFile; fileRef = 4620D3B21E0CBDE600CEABE6 /* libopencv_photo.2.4.13.dylib */; };
		4620D3C41E0CBDE600CEABE6 /* libopencv_stitching.2.4.13.dylib in Frameworks */ = {isa = PBXBuildFile; fileRef = 4620D3B31E0CBDE600CEABE6 /* libopencv_stitching.2.4.13.dylib */; };
		4620D3C51E0CBDE600CEABE6 /* libopencv_superres.2.4.13.dylib in Frameworks */ = {isa = PBXBuildFile; fileRef = 4620D3B41E0CBDE600CEABE6 /* libopencv_superres.2.4.13.dylib */; };
		4620D3C61E0CBDE600CEABE6 /* libopencv_video.2.4.13.dylib in Frameworks */ = {isa = PBXBuildFile; fileRef = 4620D3B51E0CBDE600CEABE6 /* libopencv_video.2.4.13.dylib */; };
		4685A8A01E0655E700163188 /* gui.cpp in Sources */ = {isa = PBXBuildFile; fileRef = 4685A89E1E0655E700163188 /* gui.cpp */; };
		46A94FC81E031E3E001A5A36 /* io.cpp in Sources */ = {isa = PBXBuildFile; fileRef = 46A94FC61E031E3E001A5A36 /* io.cpp */; };
		46A94FCB1E0344CB001A5A36 /* hsvStats.cpp in Sources */ = {isa = PBXBuildFile; fileRef = 46A94FC91E0344CB001A5A36 /* hsvStats.cpp */; };
		46A94FCE1E03B8E0001A5A36 /* hsvviewer.cpp in Sources */ = {isa = PBXBuildFile; fileRef = 46A94FCD1E03B8E0001A5A36 /* hsvviewer.cpp */; };
/* End PBXBuildFile section */

/* Begin PBXCopyFilesBuildPhase section */
		463FC67D1DF8607700285030 /* CopyFiles */ = {
			isa = PBXCopyFilesBuildPhase;
			buildActionMask = 2147483647;
			dstPath = /usr/share/man/man1/;
			dstSubfolderSpec = 0;
			files = (
			);
			runOnlyForDeploymentPostprocessing = 1;
		};
/* End PBXCopyFilesBuildPhase section */

/* Begin PBXFileReference section */
		460C8E161DFE5B680016DC84 /* main.cpp */ = {isa = PBXFileReference; fileEncoding = 4; lastKnownFileType = sourcecode.cpp.cpp; path = main.cpp; sourceTree = "<group>"; };
		460C8E171DFE5B680016DC84 /* perspectiveTransform.cpp */ = {isa = PBXFileReference; fileEncoding = 4; lastKnownFileType = sourcecode.cpp.cpp; path = perspectiveTransform.cpp; sourceTree = "<group>"; };
		460C8E181DFE5B680016DC84 /* perspectiveTransform.hpp */ = {isa = PBXFileReference; fileEncoding = 4; lastKnownFileType = sourcecode.cpp.h; path = perspectiveTransform.hpp; sourceTree = "<group>"; };
		460C8E191DFE5B680016DC84 /* drawing.cpp */ = {isa = PBXFileReference; fileEncoding = 4; lastKnownFileType = sourcecode.cpp.cpp; path = drawing.cpp; sourceTree = "<group>"; };
		460C8E1A1DFE5B680016DC84 /* drawing.hpp */ = {isa = PBXFileReference; fileEncoding = 4; lastKnownFileType = sourcecode.cpp.h; path = drawing.hpp; sourceTree = "<group>"; };
		460C8E1B1DFE5B680016DC84 /* tests.cpp */ = {isa = PBXFileReference; fileEncoding = 4; lastKnownFileType = sourcecode.cpp.cpp; path = tests.cpp; sourceTree = "<group>"; };
		460C8E201DFE5B8E0016DC84 /* tests.hpp */ = {isa = PBXFileReference; lastKnownFileType = sourcecode.cpp.h; path = tests.hpp; sourceTree = "<group>"; };
		4620D3A51E0CBDE600CEABE6 /* libopencv_calib3d.2.4.13.dylib */ = {isa = PBXFileReference; lastKnownFileType = "compiled.mach-o.dylib"; path = libopencv_calib3d.2.4.13.dylib; sourceTree = "<group>"; };
		4620D3A61E0CBDE600CEABE6 /* libopencv_contrib.2.4.13.dylib */ = {isa = PBXFileReference; lastKnownFileType = "compiled.mach-o.dylib"; path = libopencv_contrib.2.4.13.dylib; sourceTree = "<group>"; };
		4620D3A71E0CBDE600CEABE6 /* libopencv_core.2.4.13.dylib */ = {isa = PBXFileReference; lastKnownFileType = "compiled.mach-o.dylib"; path = libopencv_core.2.4.13.dylib; sourceTree = "<group>"; };
		4620D3A81E0CBDE600CEABE6 /* libopencv_features2d.2.4.13.dylib */ = {isa = PBXFileReference; lastKnownFileType = "compiled.mach-o.dylib"; path = libopencv_features2d.2.4.13.dylib; sourceTree = "<group>"; };
		4620D3A91E0CBDE600CEABE6 /* libopencv_flann.2.4.13.dylib */ = {isa = PBXFileReference; lastKnownFileType = "compiled.mach-o.dylib"; path = libopencv_flann.2.4.13.dylib; sourceTree = "<group>"; };
		4620D3AA1E0CBDE600CEABE6 /* libopencv_gpu.2.4.13.dylib */ = {isa = PBXFileReference; lastKnownFileType = "compiled.mach-o.dylib"; path = libopencv_gpu.2.4.13.dylib; sourceTree = "<group>"; };
		4620D3AB1E0CBDE600CEABE6 /* libopencv_highgui.2.4.13.dylib */ = {isa = PBXFileReference; lastKnownFileType = "compiled.mach-o.dylib"; path = libopencv_highgui.2.4.13.dylib; sourceTree = "<group>"; };
		4620D3AC1E0CBDE600CEABE6 /* libopencv_imgproc.2.4.13.dylib */ = {isa = PBXFileReference; lastKnownFileType = "compiled.mach-o.dylib"; path = libopencv_imgproc.2.4.13.dylib; sourceTree = "<group>"; };
		4620D3AD1E0CBDE600CEABE6 /* libopencv_legacy.2.4.13.dylib */ = {isa = PBXFileReference; lastKnownFileType = "compiled.mach-o.dylib"; path = libopencv_legacy.2.4.13.dylib; sourceTree = "<group>"; };
		4620D3AE1E0CBDE600CEABE6 /* libopencv_ml.2.4.13.dylib */ = {isa = PBXFileReference; lastKnownFileType = "compiled.mach-o.dylib"; path = libopencv_ml.2.4.13.dylib; sourceTree = "<group>"; };
		4620D3AF1E0CBDE600CEABE6 /* libopencv_nonfree.2.4.13.dylib */ = {isa = PBXFileReference; lastKnownFileType = "compiled.mach-o.dylib"; path = libopencv_nonfree.2.4.13.dylib; sourceTree = "<group>"; };
		4620D3B01E0CBDE600CEABE6 /* libopencv_objdetect.2.4.13.dylib */ = {isa = PBXFileReference; lastKnownFileType = "compiled.mach-o.dylib"; path = libopencv_objdetect.2.4.13.dylib; sourceTree = "<group>"; };
		4620D3B11E0CBDE600CEABE6 /* libopencv_ocl.2.4.13.dylib */ = {isa = PBXFileReference; lastKnownFileType = "compiled.mach-o.dylib"; path = libopencv_ocl.2.4.13.dylib; sourceTree = "<group>"; };
		4620D3B21E0CBDE600CEABE6 /* libopencv_photo.2.4.13.dylib */ = {isa = PBXFileReference; lastKnownFileType = "compiled.mach-o.dylib"; path = libopencv_photo.2.4.13.dylib; sourceTree = "<group>"; };
		4620D3B31E0CBDE600CEABE6 /* libopencv_stitching.2.4.13.dylib */ = {isa = PBXFileReference; lastKnownFileType = "compiled.mach-o.dylib"; path = libopencv_stitching.2.4.13.dylib; sourceTree = "<group>"; };
		4620D3B41E0CBDE600CEABE6 /* libopencv_superres.2.4.13.dylib */ = {isa = PBXFileReference; lastKnownFileType = "compiled.mach-o.dylib"; path = libopencv_superres.2.4.13.dylib; sourceTree = "<group>"; };
		4620D3B51E0CBDE600CEABE6 /* libopencv_video.2.4.13.dylib */ = {isa = PBXFileReference; lastKnownFileType = "compiled.mach-o.dylib"; path = libopencv_video.2.4.13.dylib; sourceTree = "<group>"; };
		463FC67F1DF8607700285030 /* GoGameRecorder */ = {isa = PBXFileReference; explicitFileType = "compiled.mach-o.executable"; includeInIndex = 0; path = GoGameRecorder; sourceTree = BUILT_PRODUCTS_DIR; };
		4685A89E1E0655E700163188 /* gui.cpp */ = {isa = PBXFileReference; fileEncoding = 4; lastKnownFileType = sourcecode.cpp.cpp; path = gui.cpp; sourceTree = "<group>"; };
		4685A89F1E0655E700163188 /* gui.hpp */ = {isa = PBXFileReference; fileEncoding = 4; lastKnownFileType = sourcecode.cpp.h; path = gui.hpp; sourceTree = "<group>"; };
		46A94FC61E031E3E001A5A36 /* io.cpp */ = {isa = PBXFileReference; fileEncoding = 4; lastKnownFileType = sourcecode.cpp.cpp; path = io.cpp; sourceTree = "<group>"; };
		46A94FC71E031E3E001A5A36 /* io.hpp */ = {isa = PBXFileReference; fileEncoding = 4; lastKnownFileType = sourcecode.cpp.h; path = io.hpp; sourceTree = "<group>"; };
		46A94FC91E0344CB001A5A36 /* hsvStats.cpp */ = {isa = PBXFileReference; fileEncoding = 4; lastKnownFileType = sourcecode.cpp.cpp; path = hsvStats.cpp; sourceTree = "<group>"; };
		46A94FCA1E0344CB001A5A36 /* hsvStats.hpp */ = {isa = PBXFileReference; fileEncoding = 4; lastKnownFileType = sourcecode.cpp.h; path = hsvStats.hpp; sourceTree = "<group>"; };
		46A94FCC1E03B8E0001A5A36 /* hsvviewer.hpp */ = {isa = PBXFileReference; fileEncoding = 4; lastKnownFileType = sourcecode.cpp.h; path = hsvviewer.hpp; sourceTree = "<group>"; };
		46A94FCD1E03B8E0001A5A36 /* hsvviewer.cpp */ = {isa = PBXFileReference; fileEncoding = 4; lastKnownFileType = sourcecode.cpp.cpp; path = hsvviewer.cpp; sourceTree = "<group>"; };
/* End PBXFileReference section */

/* Begin PBXFrameworksBuildPhase section */
		463FC67C1DF8607700285030 /* Frameworks */ = {
			isa = PBXFrameworksBuildPhase;
			buildActionMask = 2147483647;
			files = (
				4620D3BA1E0CBDE600CEABE6 /* libopencv_flann.2.4.13.dylib in Frameworks */,
				4620D3C41E0CBDE600CEABE6 /* libopencv_stitching.2.4.13.dylib in Frameworks */,
				4620D3BB1E0CBDE600CEABE6 /* libopencv_gpu.2.4.13.dylib in Frameworks */,
				4620D3C01E0CBDE600CEABE6 /* libopencv_nonfree.2.4.13.dylib in Frameworks */,
				4620D3C21E0CBDE600CEABE6 /* libopencv_ocl.2.4.13.dylib in Frameworks */,
				4620D3B71E0CBDE600CEABE6 /* libopencv_contrib.2.4.13.dylib in Frameworks */,
				4620D3BF1E0CBDE600CEABE6 /* libopencv_ml.2.4.13.dylib in Frameworks */,
				4620D3B61E0CBDE600CEABE6 /* libopencv_calib3d.2.4.13.dylib in Frameworks */,
				4620D3C31E0CBDE600CEABE6 /* libopencv_photo.2.4.13.dylib in Frameworks */,
				4620D3C61E0CBDE600CEABE6 /* libopencv_video.2.4.13.dylib in Frameworks */,
				4620D3BC1E0CBDE600CEABE6 /* libopencv_highgui.2.4.13.dylib in Frameworks */,
				4620D3B81E0CBDE600CEABE6 /* libopencv_core.2.4.13.dylib in Frameworks */,
				4620D3BE1E0CBDE600CEABE6 /* libopencv_legacy.2.4.13.dylib in Frameworks */,
				4620D3BD1E0CBDE600CEABE6 /* libopencv_imgproc.2.4.13.dylib in Frameworks */,
				4620D3C11E0CBDE600CEABE6 /* libopencv_objdetect.2.4.13.dylib in Frameworks */,
				4620D3B91E0CBDE600CEABE6 /* libopencv_features2d.2.4.13.dylib in Frameworks */,
				4620D3C51E0CBDE600CEABE6 /* libopencv_superres.2.4.13.dylib in Frameworks */,
			);
			runOnlyForDeploymentPostprocessing = 0;
		};
/* End PBXFrameworksBuildPhase section */

/* Begin PBXGroup section */
		463FC6761DF8607700285030 = {
			isa = PBXGroup;
			children = (
				463FC6811DF8607700285030 /* GoGameRecorder */,
				463FC6B51DF8635F00285030 /* opencvlibs */,
				463FC6801DF8607700285030 /* Products */,
			);
			sourceTree = "<group>";
		};
		463FC6801DF8607700285030 /* Products */ = {
			isa = PBXGroup;
			children = (
				463FC67F1DF8607700285030 /* GoGameRecorder */,
			);
			name = Products;
			sourceTree = "<group>";
		};
		463FC6811DF8607700285030 /* GoGameRecorder */ = {
			isa = PBXGroup;
			children = (
				460C8E161DFE5B680016DC84 /* main.cpp */,
				4685A89E1E0655E700163188 /* gui.cpp */,
				46A94FCD1E03B8E0001A5A36 /* hsvviewer.cpp */,
				46A94FC91E0344CB001A5A36 /* hsvStats.cpp */,
				460C8E171DFE5B680016DC84 /* perspectiveTransform.cpp */,
				460C8E191DFE5B680016DC84 /* drawing.cpp */,
				46A94FC61E031E3E001A5A36 /* io.cpp */,
				460C8E1B1DFE5B680016DC84 /* tests.cpp */,
				46A94FCF1E046B6D001A5A36 /* headers */,
			);
			path = GoGameRecorder;
			sourceTree = "<group>";
		};
		463FC6B51DF8635F00285030 /* opencvlibs */ = {
			isa = PBXGroup;
			children = (
				4620D3A51E0CBDE600CEABE6 /* libopencv_calib3d.2.4.13.dylib */,
				4620D3A61E0CBDE600CEABE6 /* libopencv_contrib.2.4.13.dylib */,
				4620D3A71E0CBDE600CEABE6 /* libopencv_core.2.4.13.dylib */,
				4620D3A81E0CBDE600CEABE6 /* libopencv_features2d.2.4.13.dylib */,
				4620D3A91E0CBDE600CEABE6 /* libopencv_flann.2.4.13.dylib */,
				4620D3AA1E0CBDE600CEABE6 /* libopencv_gpu.2.4.13.dylib */,
				4620D3AB1E0CBDE600CEABE6 /* libopencv_highgui.2.4.13.dylib */,
				4620D3AC1E0CBDE600CEABE6 /* libopencv_imgproc.2.4.13.dylib */,
				4620D3AD1E0CBDE600CEABE6 /* libopencv_legacy.2.4.13.dylib */,
				4620D3AE1E0CBDE600CEABE6 /* libopencv_ml.2.4.13.dylib */,
				4620D3AF1E0CBDE600CEABE6 /* libopencv_nonfree.2.4.13.dylib */,
				4620D3B01E0CBDE600CEABE6 /* libopencv_objdetect.2.4.13.dylib */,
				4620D3B11E0CBDE600CEABE6 /* libopencv_ocl.2.4.13.dylib */,
				4620D3B21E0CBDE600CEABE6 /* libopencv_photo.2.4.13.dylib */,
				4620D3B31E0CBDE600CEABE6 /* libopencv_stitching.2.4.13.dylib */,
				4620D3B41E0CBDE600CEABE6 /* libopencv_superres.2.4.13.dylib */,
				4620D3B51E0CBDE600CEABE6 /* libopencv_video.2.4.13.dylib */,
			);
			name = opencvlibs;
			sourceTree = "<group>";
		};
		46A94FCF1E046B6D001A5A36 /* headers */ = {
			isa = PBXGroup;
			children = (
				4685A89F1E0655E700163188 /* gui.hpp */,
				460C8E1A1DFE5B680016DC84 /* drawing.hpp */,
				46A94FCA1E0344CB001A5A36 /* hsvStats.hpp */,
				460C8E181DFE5B680016DC84 /* perspectiveTransform.hpp */,
				46A94FC71E031E3E001A5A36 /* io.hpp */,
				46A94FCC1E03B8E0001A5A36 /* hsvviewer.hpp */,
				460C8E201DFE5B8E0016DC84 /* tests.hpp */,
			);
			name = headers;
			sourceTree = "<group>";
		};
/* End PBXGroup section */

/* Begin PBXNativeTarget section */
		463FC67E1DF8607700285030 /* GoGameRecorder */ = {
			isa = PBXNativeTarget;
			buildConfigurationList = 463FC6861DF8607700285030 /* Build configuration list for PBXNativeTarget "GoGameRecorder" */;
			buildPhases = (
				463FC67B1DF8607700285030 /* Sources */,
				463FC67C1DF8607700285030 /* Frameworks */,
				463FC67D1DF8607700285030 /* CopyFiles */,
			);
			buildRules = (
			);
			dependencies = (
			);
			name = GoGameRecorder;
			productName = GoGameRecorder;
			productReference = 463FC67F1DF8607700285030 /* GoGameRecorder */;
			productType = "com.apple.product-type.tool";
		};
/* End PBXNativeTarget section */

/* Begin PBXProject section */
		463FC6771DF8607700285030 /* Project object */ = {
			isa = PBXProject;
			attributes = {
				LastUpgradeCheck = 0810;
				ORGANIZATIONNAME = larry;
				TargetAttributes = {
					463FC67E1DF8607700285030 = {
						CreatedOnToolsVersion = 8.1;
						DevelopmentTeam = G99XDZV8G2;
						ProvisioningStyle = Automatic;
					};
				};
			};
			buildConfigurationList = 463FC67A1DF8607700285030 /* Build configuration list for PBXProject "GoGameRecorder" */;
			compatibilityVersion = "Xcode 3.2";
			developmentRegion = English;
			hasScannedForEncodings = 0;
			knownRegions = (
				en,
			);
			mainGroup = 463FC6761DF8607700285030;
			productRefGroup = 463FC6801DF8607700285030 /* Products */;
			projectDirPath = "";
			projectRoot = "";
			targets = (
				463FC67E1DF8607700285030 /* GoGameRecorder */,
			);
		};
/* End PBXProject section */

/* Begin PBXSourcesBuildPhase section */
		463FC67B1DF8607700285030 /* Sources */ = {
			isa = PBXSourcesBuildPhase;
			buildActionMask = 2147483647;
			files = (
				46A94FC81E031E3E001A5A36 /* io.cpp in Sources */,
				460C8E1C1DFE5B680016DC84 /* main.cpp in Sources */,
				46A94FCE1E03B8E0001A5A36 /* hsvviewer.cpp in Sources */,
				460C8E1F1DFE5B680016DC84 /* tests.cpp in Sources */,
				46A94FCB1E0344CB001A5A36 /* hsvStats.cpp in Sources */,
				4685A8A01E0655E700163188 /* gui.cpp in Sources */,
				460C8E1E1DFE5B680016DC84 /* drawing.cpp in Sources */,
				460C8E1D1DFE5B680016DC84 /* perspectiveTransform.cpp in Sources */,
			);
			runOnlyForDeploymentPostprocessing = 0;
		};
/* End PBXSourcesBuildPhase section */

/* Begin XCBuildConfiguration section */
		463FC6841DF8607700285030 /* Debug */ = {
			isa = XCBuildConfiguration;
			buildSettings = {
				ALWAYS_SEARCH_USER_PATHS = NO;
				CLANG_ANALYZER_NONNULL = YES;
				CLANG_CXX_LANGUAGE_STANDARD = "gnu++0x";
				CLANG_CXX_LIBRARY = "libc++";
				CLANG_ENABLE_MODULES = YES;
				CLANG_ENABLE_OBJC_ARC = YES;
				CLANG_WARN_BOOL_CONVERSION = YES;
				CLANG_WARN_CONSTANT_CONVERSION = YES;
				CLANG_WARN_DIRECT_OBJC_ISA_USAGE = YES_ERROR;
				CLANG_WARN_DOCUMENTATION_COMMENTS = YES;
				CLANG_WARN_EMPTY_BODY = YES;
				CLANG_WARN_ENUM_CONVERSION = YES;
				CLANG_WARN_INFINITE_RECURSION = YES;
				CLANG_WARN_INT_CONVERSION = YES;
				CLANG_WARN_OBJC_ROOT_CLASS = YES_ERROR;
				CLANG_WARN_SUSPICIOUS_MOVES = YES;
				CLANG_WARN_UNREACHABLE_CODE = YES;
				CLANG_WARN__DUPLICATE_METHOD_MATCH = YES;
				CODE_SIGN_IDENTITY = "-";
				COPY_PHASE_STRIP = NO;
				DEBUG_INFORMATION_FORMAT = dwarf;
				ENABLE_STRICT_OBJC_MSGSEND = YES;
				ENABLE_TESTABILITY = YES;
				GCC_C_LANGUAGE_STANDARD = gnu99;
				GCC_DYNAMIC_NO_PIC = NO;
				GCC_NO_COMMON_BLOCKS = YES;
				GCC_OPTIMIZATION_LEVEL = 0;
				GCC_PREPROCESSOR_DEFINITIONS = (
					"DEBUG=1",
					"$(inherited)",
				);
				GCC_WARN_64_TO_32_BIT_CONVERSION = YES;
				GCC_WARN_ABOUT_RETURN_TYPE = YES_ERROR;
				GCC_WARN_UNDECLARED_SELECTOR = YES;
				GCC_WARN_UNINITIALIZED_AUTOS = YES_AGGRESSIVE;
				GCC_WARN_UNUSED_FUNCTION = YES;
				GCC_WARN_UNUSED_VARIABLE = YES;
				MACOSX_DEPLOYMENT_TARGET = 10.11;
				MTL_ENABLE_DEBUG_INFO = YES;
				ONLY_ACTIVE_ARCH = YES;
				SDKROOT = macosx;
			};
			name = Debug;
		};
		463FC6851DF8607700285030 /* Release */ = {
			isa = XCBuildConfiguration;
			buildSettings = {
				ALWAYS_SEARCH_USER_PATHS = NO;
				CLANG_ANALYZER_NONNULL = YES;
				CLANG_CXX_LANGUAGE_STANDARD = "gnu++0x";
				CLANG_CXX_LIBRARY = "libc++";
				CLANG_ENABLE_MODULES = YES;
				CLANG_ENABLE_OBJC_ARC = YES;
				CLANG_WARN_BOOL_CONVERSION = YES;
				CLANG_WARN_CONSTANT_CONVERSION = YES;
				CLANG_WARN_DIRECT_OBJC_ISA_USAGE = YES_ERROR;
				CLANG_WARN_DOCUMENTATION_COMMENTS = YES;
				CLANG_WARN_EMPTY_BODY = YES;
				CLANG_WARN_ENUM_CONVERSION = YES;
				CLANG_WARN_INFINITE_RECURSION = YES;
				CLANG_WARN_INT_CONVERSION = YES;
				CLANG_WARN_OBJC_ROOT_CLASS = YES_ERROR;
				CLANG_WARN_SUSPICIOUS_MOVES = YES;
				CLANG_WARN_UNREACHABLE_CODE = YES;
				CLANG_WARN__DUPLICATE_METHOD_MATCH = YES;
				CODE_SIGN_IDENTITY = "-";
				COPY_PHASE_STRIP = NO;
				DEBUG_INFORMATION_FORMAT = "dwarf-with-dsym";
				ENABLE_NS_ASSERTIONS = NO;
				ENABLE_STRICT_OBJC_MSGSEND = YES;
				GCC_C_LANGUAGE_STANDARD = gnu99;
				GCC_NO_COMMON_BLOCKS = YES;
				GCC_WARN_64_TO_32_BIT_CONVERSION = YES;
				GCC_WARN_ABOUT_RETURN_TYPE = YES_ERROR;
				GCC_WARN_UNDECLARED_SELECTOR = YES;
				GCC_WARN_UNINITIALIZED_AUTOS = YES_AGGRESSIVE;
				GCC_WARN_UNUSED_FUNCTION = YES;
				GCC_WARN_UNUSED_VARIABLE = YES;
				MACOSX_DEPLOYMENT_TARGET = 10.11;
				MTL_ENABLE_DEBUG_INFO = NO;
				SDKROOT = macosx;
			};
			name = Release;
		};
		463FC6871DF8607700285030 /* Debug */ = {
			isa = XCBuildConfiguration;
			buildSettings = {
				ALWAYS_SEARCH_USER_PATHS = YES;
				CODE_SIGN_IDENTITY = "Mac Developer";
				DEVELOPMENT_TEAM = G99XDZV8G2;
				LIBRARY_SEARCH_PATHS = (
					"$(inherited)",
					/usr/local/Cellar/ilmbase/2.2.0/lib,
					/usr/local/Cellar/openexr/2.2.0/lib,
					/usr/local/Cellar/opencv/2.4.13.1/lib,
					"$(PROJECT_DIR)",
				);
				PRODUCT_NAME = "$(TARGET_NAME)";
				USER_HEADER_SEARCH_PATHS = "/usr/local/include /usr/local/include/opencv /usr/local/include/opencv2";
			};
			name = Debug;
		};
		463FC6881DF8607700285030 /* Release */ = {
			isa = XCBuildConfiguration;
			buildSettings = {
				ALWAYS_SEARCH_USER_PATHS = YES;
				CODE_SIGN_IDENTITY = "Mac Developer";
				DEVELOPMENT_TEAM = G99XDZV8G2;
				LIBRARY_SEARCH_PATHS = (
					"$(inherited)",
					/usr/local/Cellar/ilmbase/2.2.0/lib,
					/usr/local/Cellar/openexr/2.2.0/lib,
					/usr/local/Cellar/opencv/2.4.13.1/lib,
					"$(PROJECT_DIR)",
				);
				PRODUCT_NAME = "$(TARGET_NAME)";
				USER_HEADER_SEARCH_PATHS = "/usr/local/include /usr/local/include/opencv /usr/local/include/opencv2";
			};
			name = Release;
		};
/* End XCBuildConfiguration section */

/* Begin XCConfigurationList section */
		463FC67A1DF8607700285030 /* Build configuration list for PBXProject "GoGameRecorder" */ = {
			isa = XCConfigurationList;
			buildConfigurations = (
				463FC6841DF8607700285030 /* Debug */,
				463FC6851DF8607700285030 /* Release */,
			);
			defaultConfigurationIsVisible = 0;
			defaultConfigurationName = Release;
		};
		463FC6861DF8607700285030 /* Build configuration list for PBXNativeTarget "GoGameRecorder" */ = {
			isa = XCConfigurationList;
			buildConfigurations = (
				463FC6871DF8607700285030 /* Debug */,
				463FC6881DF8607700285030 /* Release */,
			);
			defaultConfigurationIsVisible = 0;
			defaultConfigurationName = Release;
		};
/* End XCConfigurationList section */
	};
	rootObject = 463FC6771DF8607700285030 /* Project object */;
}
